// !$*UTF8*$!
{
	archiveVersion = 1;
	classes = {
	};
	objectVersion = 52;
	objects = {

/* Begin PBXBuildFile section */
		1BC0250624ABA2B100EDA93B /* AppDelegate.swift in Sources */ = {isa = PBXBuildFile; fileRef = 1BC0250524ABA2B100EDA93B /* AppDelegate.swift */; };
		1BC0250824ABA2B100EDA93B /* SceneDelegate.swift in Sources */ = {isa = PBXBuildFile; fileRef = 1BC0250724ABA2B100EDA93B /* SceneDelegate.swift */; };
		1BC0250A24ABA2B100EDA93B /* ContentView.swift in Sources */ = {isa = PBXBuildFile; fileRef = 1BC0250924ABA2B100EDA93B /* ContentView.swift */; };
		1BC0250C24ABA2B200EDA93B /* Assets.xcassets in Resources */ = {isa = PBXBuildFile; fileRef = 1BC0250B24ABA2B200EDA93B /* Assets.xcassets */; };
		1BC0250F24ABA2B200EDA93B /* Preview Assets.xcassets in Resources */ = {isa = PBXBuildFile; fileRef = 1BC0250E24ABA2B200EDA93B /* Preview Assets.xcassets */; };
		1BC0251224ABA2B200EDA93B /* LaunchScreen.storyboard in Resources */ = {isa = PBXBuildFile; fileRef = 1BC0251024ABA2B200EDA93B /* LaunchScreen.storyboard */; };
		1BC0251D24ABA2B200EDA93B /* ComposableArchitecturePracticeTests.swift in Sources */ = {isa = PBXBuildFile; fileRef = 1BC0251C24ABA2B200EDA93B /* ComposableArchitecturePracticeTests.swift */; };
		1BC0252924ABA38100EDA93B /* ComposableArchitecture in Frameworks */ = {isa = PBXBuildFile; productRef = 1BC0252824ABA38100EDA93B /* ComposableArchitecture */; };
		1BC0252B24ABA38100EDA93B /* ComposableCoreMotion in Frameworks */ = {isa = PBXBuildFile; productRef = 1BC0252A24ABA38100EDA93B /* ComposableCoreMotion */; };
		1BC0252D24ABA38100EDA93B /* ComposableCoreLocation in Frameworks */ = {isa = PBXBuildFile; productRef = 1BC0252C24ABA38100EDA93B /* ComposableCoreLocation */; };
/* End PBXBuildFile section */

/* Begin PBXContainerItemProxy section */
		1BC0251924ABA2B200EDA93B /* PBXContainerItemProxy */ = {
			isa = PBXContainerItemProxy;
			containerPortal = 1BC024FA24ABA2B100EDA93B /* Project object */;
			proxyType = 1;
			remoteGlobalIDString = 1BC0250124ABA2B100EDA93B;
			remoteInfo = ComposableArchitecturePractice;
		};
/* End PBXContainerItemProxy section */

/* Begin PBXFileReference section */
		1BC0250224ABA2B100EDA93B /* ComposableArchitecturePractice.app */ = {isa = PBXFileReference; explicitFileType = wrapper.application; includeInIndex = 0; path = ComposableArchitecturePractice.app; sourceTree = BUILT_PRODUCTS_DIR; };
		1BC0250524ABA2B100EDA93B /* AppDelegate.swift */ = {isa = PBXFileReference; lastKnownFileType = sourcecode.swift; path = AppDelegate.swift; sourceTree = "<group>"; };
		1BC0250724ABA2B100EDA93B /* SceneDelegate.swift */ = {isa = PBXFileReference; lastKnownFileType = sourcecode.swift; path = SceneDelegate.swift; sourceTree = "<group>"; };
		1BC0250924ABA2B100EDA93B /* ContentView.swift */ = {isa = PBXFileReference; lastKnownFileType = sourcecode.swift; path = ContentView.swift; sourceTree = "<group>"; };
		1BC0250B24ABA2B200EDA93B /* Assets.xcassets */ = {isa = PBXFileReference; lastKnownFileType = folder.assetcatalog; path = Assets.xcassets; sourceTree = "<group>"; };
		1BC0250E24ABA2B200EDA93B /* Preview Assets.xcassets */ = {isa = PBXFileReference; lastKnownFileType = folder.assetcatalog; path = "Preview Assets.xcassets"; sourceTree = "<group>"; };
		1BC0251124ABA2B200EDA93B /* Base */ = {isa = PBXFileReference; lastKnownFileType = file.storyboard; name = Base; path = Base.lproj/LaunchScreen.storyboard; sourceTree = "<group>"; };
		1BC0251324ABA2B200EDA93B /* Info.plist */ = {isa = PBXFileReference; lastKnownFileType = text.plist.xml; path = Info.plist; sourceTree = "<group>"; };
		1BC0251824ABA2B200EDA93B /* ComposableArchitecturePracticeTests.xctest */ = {isa = PBXFileReference; explicitFileType = wrapper.cfbundle; includeInIndex = 0; path = ComposableArchitecturePracticeTests.xctest; sourceTree = BUILT_PRODUCTS_DIR; };
		1BC0251C24ABA2B200EDA93B /* ComposableArchitecturePracticeTests.swift */ = {isa = PBXFileReference; lastKnownFileType = sourcecode.swift; path = ComposableArchitecturePracticeTests.swift; sourceTree = "<group>"; };
		1BC0251E24ABA2B200EDA93B /* Info.plist */ = {isa = PBXFileReference; lastKnownFileType = text.plist.xml; path = Info.plist; sourceTree = "<group>"; };
/* End PBXFileReference section */

/* Begin PBXFrameworksBuildPhase section */
		1BC024FF24ABA2B100EDA93B /* Frameworks */ = {
			isa = PBXFrameworksBuildPhase;
			buildActionMask = 2147483647;
			files = (
				1BC0252D24ABA38100EDA93B /* ComposableCoreLocation in Frameworks */,
				1BC0252B24ABA38100EDA93B /* ComposableCoreMotion in Frameworks */,
				1BC0252924ABA38100EDA93B /* ComposableArchitecture in Frameworks */,
			);
			runOnlyForDeploymentPostprocessing = 0;
		};
		1BC0251524ABA2B200EDA93B /* Frameworks */ = {
			isa = PBXFrameworksBuildPhase;
			buildActionMask = 2147483647;
			files = (
			);
			runOnlyForDeploymentPostprocessing = 0;
		};
/* End PBXFrameworksBuildPhase section */

/* Begin PBXGroup section */
		1BC024F924ABA2B100EDA93B = {
			isa = PBXGroup;
			children = (
				1BC0250424ABA2B100EDA93B /* ComposableArchitecturePractice */,
				1BC0251B24ABA2B200EDA93B /* ComposableArchitecturePracticeTests */,
				1BC0250324ABA2B100EDA93B /* Products */,
			);
			sourceTree = "<group>";
		};
		1BC0250324ABA2B100EDA93B /* Products */ = {
			isa = PBXGroup;
			children = (
				1BC0250224ABA2B100EDA93B /* ComposableArchitecturePractice.app */,
				1BC0251824ABA2B200EDA93B /* ComposableArchitecturePracticeTests.xctest */,
			);
			name = Products;
			sourceTree = "<group>";
		};
		1BC0250424ABA2B100EDA93B /* ComposableArchitecturePractice */ = {
			isa = PBXGroup;
			children = (
				1BC0250524ABA2B100EDA93B /* AppDelegate.swift */,
				1BC0250724ABA2B100EDA93B /* SceneDelegate.swift */,
				1BC0250924ABA2B100EDA93B /* ContentView.swift */,
				1BC0250B24ABA2B200EDA93B /* Assets.xcassets */,
				1BC0251024ABA2B200EDA93B /* LaunchScreen.storyboard */,
				1BC0251324ABA2B200EDA93B /* Info.plist */,
				1BC0250D24ABA2B200EDA93B /* Preview Content */,
			);
			path = ComposableArchitecturePractice;
			sourceTree = "<group>";
		};
		1BC0250D24ABA2B200EDA93B /* Preview Content */ = {
			isa = PBXGroup;
			children = (
				1BC0250E24ABA2B200EDA93B /* Preview Assets.xcassets */,
			);
			path = "Preview Content";
			sourceTree = "<group>";
		};
		1BC0251B24ABA2B200EDA93B /* ComposableArchitecturePracticeTests */ = {
			isa = PBXGroup;
			children = (
				1BC0251C24ABA2B200EDA93B /* ComposableArchitecturePracticeTests.swift */,
				1BC0251E24ABA2B200EDA93B /* Info.plist */,
			);
			path = ComposableArchitecturePracticeTests;
			sourceTree = "<group>";
		};
/* End PBXGroup section */

/* Begin PBXNativeTarget section */
		1BC0250124ABA2B100EDA93B /* ComposableArchitecturePractice */ = {
			isa = PBXNativeTarget;
			buildConfigurationList = 1BC0252124ABA2B200EDA93B /* Build configuration list for PBXNativeTarget "ComposableArchitecturePractice" */;
			buildPhases = (
				1BC024FE24ABA2B100EDA93B /* Sources */,
				1BC024FF24ABA2B100EDA93B /* Frameworks */,
				1BC0250024ABA2B100EDA93B /* Resources */,
			);
			buildRules = (
			);
			dependencies = (
			);
			name = ComposableArchitecturePractice;
			packageProductDependencies = (
				1BC0252824ABA38100EDA93B /* ComposableArchitecture */,
				1BC0252A24ABA38100EDA93B /* ComposableCoreMotion */,
				1BC0252C24ABA38100EDA93B /* ComposableCoreLocation */,
			);
			productName = ComposableArchitecturePractice;
			productReference = 1BC0250224ABA2B100EDA93B /* ComposableArchitecturePractice.app */;
			productType = "com.apple.product-type.application";
		};
		1BC0251724ABA2B200EDA93B /* ComposableArchitecturePracticeTests */ = {
			isa = PBXNativeTarget;
			buildConfigurationList = 1BC0252424ABA2B200EDA93B /* Build configuration list for PBXNativeTarget "ComposableArchitecturePracticeTests" */;
			buildPhases = (
				1BC0251424ABA2B200EDA93B /* Sources */,
				1BC0251524ABA2B200EDA93B /* Frameworks */,
				1BC0251624ABA2B200EDA93B /* Resources */,
			);
			buildRules = (
			);
			dependencies = (
				1BC0251A24ABA2B200EDA93B /* PBXTargetDependency */,
			);
			name = ComposableArchitecturePracticeTests;
			productName = ComposableArchitecturePracticeTests;
			productReference = 1BC0251824ABA2B200EDA93B /* ComposableArchitecturePracticeTests.xctest */;
			productType = "com.apple.product-type.bundle.unit-test";
		};
/* End PBXNativeTarget section */

/* Begin PBXProject section */
		1BC024FA24ABA2B100EDA93B /* Project object */ = {
			isa = PBXProject;
			attributes = {
				LastSwiftUpdateCheck = 1150;
				LastUpgradeCheck = 1150;
				ORGANIZATIONNAME = "Aikawa Kenta";
				TargetAttributes = {
					1BC0250124ABA2B100EDA93B = {
						CreatedOnToolsVersion = 11.5;
					};
					1BC0251724ABA2B200EDA93B = {
						CreatedOnToolsVersion = 11.5;
						TestTargetID = 1BC0250124ABA2B100EDA93B;
					};
				};
			};
			buildConfigurationList = 1BC024FD24ABA2B100EDA93B /* Build configuration list for PBXProject "ComposableArchitecturePractice" */;
			compatibilityVersion = "Xcode 9.3";
			developmentRegion = en;
			hasScannedForEncodings = 0;
			knownRegions = (
				en,
				Base,
			);
			mainGroup = 1BC024F924ABA2B100EDA93B;
			packageReferences = (
				1BC0252724ABA38100EDA93B /* XCRemoteSwiftPackageReference "swift-composable-architecture" */,
			);
			productRefGroup = 1BC0250324ABA2B100EDA93B /* Products */;
			projectDirPath = "";
			projectRoot = "";
			targets = (
				1BC0250124ABA2B100EDA93B /* ComposableArchitecturePractice */,
				1BC0251724ABA2B200EDA93B /* ComposableArchitecturePracticeTests */,
			);
		};
/* End PBXProject section */

/* Begin PBXResourcesBuildPhase section */
		1BC0250024ABA2B100EDA93B /* Resources */ = {
			isa = PBXResourcesBuildPhase;
			buildActionMask = 2147483647;
			files = (
				1BC0251224ABA2B200EDA93B /* LaunchScreen.storyboard in Resources */,
				1BC0250F24ABA2B200EDA93B /* Preview Assets.xcassets in Resources */,
				1BC0250C24ABA2B200EDA93B /* Assets.xcassets in Resources */,
			);
			runOnlyForDeploymentPostprocessing = 0;
		};
		1BC0251624ABA2B200EDA93B /* Resources */ = {
			isa = PBXResourcesBuildPhase;
			buildActionMask = 2147483647;
			files = (
			);
			runOnlyForDeploymentPostprocessing = 0;
		};
/* End PBXResourcesBuildPhase section */

/* Begin PBXSourcesBuildPhase section */
		1BC024FE24ABA2B100EDA93B /* Sources */ = {
			isa = PBXSourcesBuildPhase;
			buildActionMask = 2147483647;
			files = (
				1BC0250624ABA2B100EDA93B /* AppDelegate.swift in Sources */,
				1BC0250824ABA2B100EDA93B /* SceneDelegate.swift in Sources */,
				1BC0250A24ABA2B100EDA93B /* ContentView.swift in Sources */,
			);
			runOnlyForDeploymentPostprocessing = 0;
		};
		1BC0251424ABA2B200EDA93B /* Sources */ = {
			isa = PBXSourcesBuildPhase;
			buildActionMask = 2147483647;
			files = (
				1BC0251D24ABA2B200EDA93B /* ComposableArchitecturePracticeTests.swift in Sources */,
			);
			runOnlyForDeploymentPostprocessing = 0;
		};
/* End PBXSourcesBuildPhase section */

/* Begin PBXTargetDependency section */
		1BC0251A24ABA2B200EDA93B /* PBXTargetDependency */ = {
			isa = PBXTargetDependency;
			target = 1BC0250124ABA2B100EDA93B /* ComposableArchitecturePractice */;
			targetProxy = 1BC0251924ABA2B200EDA93B /* PBXContainerItemProxy */;
		};
/* End PBXTargetDependency section */

/* Begin PBXVariantGroup section */
		1BC0251024ABA2B200EDA93B /* LaunchScreen.storyboard */ = {
			isa = PBXVariantGroup;
			children = (
				1BC0251124ABA2B200EDA93B /* Base */,
			);
			name = LaunchScreen.storyboard;
			sourceTree = "<group>";
		};
/* End PBXVariantGroup section */

/* Begin XCBuildConfiguration section */
		1BC0251F24ABA2B200EDA93B /* Debug */ = {
			isa = XCBuildConfiguration;
			buildSettings = {
				ALWAYS_SEARCH_USER_PATHS = NO;
				CLANG_ANALYZER_NONNULL = YES;
				CLANG_ANALYZER_NUMBER_OBJECT_CONVERSION = YES_AGGRESSIVE;
				CLANG_CXX_LANGUAGE_STANDARD = "gnu++14";
				CLANG_CXX_LIBRARY = "libc++";
				CLANG_ENABLE_MODULES = YES;
				CLANG_ENABLE_OBJC_ARC = YES;
				CLANG_ENABLE_OBJC_WEAK = YES;
				CLANG_WARN_BLOCK_CAPTURE_AUTORELEASING = YES;
				CLANG_WARN_BOOL_CONVERSION = YES;
				CLANG_WARN_COMMA = YES;
				CLANG_WARN_CONSTANT_CONVERSION = YES;
				CLANG_WARN_DEPRECATED_OBJC_IMPLEMENTATIONS = YES;
				CLANG_WARN_DIRECT_OBJC_ISA_USAGE = YES_ERROR;
				CLANG_WARN_DOCUMENTATION_COMMENTS = YES;
				CLANG_WARN_EMPTY_BODY = YES;
				CLANG_WARN_ENUM_CONVERSION = YES;
				CLANG_WARN_INFINITE_RECURSION = YES;
				CLANG_WARN_INT_CONVERSION = YES;
				CLANG_WARN_NON_LITERAL_NULL_CONVERSION = YES;
				CLANG_WARN_OBJC_IMPLICIT_RETAIN_SELF = YES;
				CLANG_WARN_OBJC_LITERAL_CONVERSION = YES;
				CLANG_WARN_OBJC_ROOT_CLASS = YES_ERROR;
				CLANG_WARN_RANGE_LOOP_ANALYSIS = YES;
				CLANG_WARN_STRICT_PROTOTYPES = YES;
				CLANG_WARN_SUSPICIOUS_MOVE = YES;
				CLANG_WARN_UNGUARDED_AVAILABILITY = YES_AGGRESSIVE;
				CLANG_WARN_UNREACHABLE_CODE = YES;
				CLANG_WARN__DUPLICATE_METHOD_MATCH = YES;
				COPY_PHASE_STRIP = NO;
				DEBUG_INFORMATION_FORMAT = dwarf;
				ENABLE_STRICT_OBJC_MSGSEND = YES;
				ENABLE_TESTABILITY = YES;
				GCC_C_LANGUAGE_STANDARD = gnu11;
				GCC_DYNAMIC_NO_PIC = NO;
				GCC_NO_COMMON_BLOCKS = YES;
				GCC_OPTIMIZATION_LEVEL = 0;
				GCC_PREPROCESSOR_DEFINITIONS = (
					"DEBUG=1",
					"$(inherited)",
				);
				GCC_WARN_64_TO_32_BIT_CONVERSION = YES;
				GCC_WARN_ABOUT_RETURN_TYPE = YES_ERROR;
				GCC_WARN_UNDECLARED_SELECTOR = YES;
				GCC_WARN_UNINITIALIZED_AUTOS = YES_AGGRESSIVE;
				GCC_WARN_UNUSED_FUNCTION = YES;
				GCC_WARN_UNUSED_VARIABLE = YES;
				IPHONEOS_DEPLOYMENT_TARGET = 13.5;
				MTL_ENABLE_DEBUG_INFO = INCLUDE_SOURCE;
				MTL_FAST_MATH = YES;
				ONLY_ACTIVE_ARCH = YES;
				SDKROOT = iphoneos;
				SWIFT_ACTIVE_COMPILATION_CONDITIONS = DEBUG;
				SWIFT_OPTIMIZATION_LEVEL = "-Onone";
			};
			name = Debug;
		};
		1BC0252024ABA2B200EDA93B /* Release */ = {
			isa = XCBuildConfiguration;
			buildSettings = {
				ALWAYS_SEARCH_USER_PATHS = NO;
				CLANG_ANALYZER_NONNULL = YES;
				CLANG_ANALYZER_NUMBER_OBJECT_CONVERSION = YES_AGGRESSIVE;
				CLANG_CXX_LANGUAGE_STANDARD = "gnu++14";
				CLANG_CXX_LIBRARY = "libc++";
				CLANG_ENABLE_MODULES = YES;
				CLANG_ENABLE_OBJC_ARC = YES;
				CLANG_ENABLE_OBJC_WEAK = YES;
				CLANG_WARN_BLOCK_CAPTURE_AUTORELEASING = YES;
				CLANG_WARN_BOOL_CONVERSION = YES;
				CLANG_WARN_COMMA = YES;
				CLANG_WARN_CONSTANT_CONVERSION = YES;
				CLANG_WARN_DEPRECATED_OBJC_IMPLEMENTATIONS = YES;
				CLANG_WARN_DIRECT_OBJC_ISA_USAGE = YES_ERROR;
				CLANG_WARN_DOCUMENTATION_COMMENTS = YES;
				CLANG_WARN_EMPTY_BODY = YES;
				CLANG_WARN_ENUM_CONVERSION = YES;
				CLANG_WARN_INFINITE_RECURSION = YES;
				CLANG_WARN_INT_CONVERSION = YES;
				CLANG_WARN_NON_LITERAL_NULL_CONVERSION = YES;
				CLANG_WARN_OBJC_IMPLICIT_RETAIN_SELF = YES;
				CLANG_WARN_OBJC_LITERAL_CONVERSION = YES;
				CLANG_WARN_OBJC_ROOT_CLASS = YES_ERROR;
				CLANG_WARN_RANGE_LOOP_ANALYSIS = YES;
				CLANG_WARN_STRICT_PROTOTYPES = YES;
				CLANG_WARN_SUSPICIOUS_MOVE = YES;
				CLANG_WARN_UNGUARDED_AVAILABILITY = YES_AGGRESSIVE;
				CLANG_WARN_UNREACHABLE_CODE = YES;
				CLANG_WARN__DUPLICATE_METHOD_MATCH = YES;
				COPY_PHASE_STRIP = NO;
				DEBUG_INFORMATION_FORMAT = "dwarf-with-dsym";
				ENABLE_NS_ASSERTIONS = NO;
				ENABLE_STRICT_OBJC_MSGSEND = YES;
				GCC_C_LANGUAGE_STANDARD = gnu11;
				GCC_NO_COMMON_BLOCKS = YES;
				GCC_WARN_64_TO_32_BIT_CONVERSION = YES;
				GCC_WARN_ABOUT_RETURN_TYPE = YES_ERROR;
				GCC_WARN_UNDECLARED_SELECTOR = YES;
				GCC_WARN_UNINITIALIZED_AUTOS = YES_AGGRESSIVE;
				GCC_WARN_UNUSED_FUNCTION = YES;
				GCC_WARN_UNUSED_VARIABLE = YES;
				IPHONEOS_DEPLOYMENT_TARGET = 13.5;
				MTL_ENABLE_DEBUG_INFO = NO;
				MTL_FAST_MATH = YES;
				SDKROOT = iphoneos;
				SWIFT_COMPILATION_MODE = wholemodule;
				SWIFT_OPTIMIZATION_LEVEL = "-O";
				VALIDATE_PRODUCT = YES;
			};
			name = Release;
		};
		1BC0252224ABA2B200EDA93B /* Debug */ = {
			isa = XCBuildConfiguration;
			buildSettings = {
				ASSETCATALOG_COMPILER_APPICON_NAME = AppIcon;
				CODE_SIGN_STYLE = Automatic;
				DEVELOPMENT_ASSET_PATHS = "\"ComposableArchitecturePractice/Preview Content\"";
				DEVELOPMENT_TEAM = S2VVFWD7JE;
				ENABLE_PREVIEWS = YES;
				INFOPLIST_FILE = ComposableArchitecturePractice/Info.plist;
				LD_RUNPATH_SEARCH_PATHS = (
					"$(inherited)",
					"@executable_path/Frameworks",
				);
				PRODUCT_BUNDLE_IDENTIFIER = me.kenta.aikawa.ComposableArchitecturePractice;
				PRODUCT_NAME = "$(TARGET_NAME)";
				SWIFT_VERSION = 5.0;
				TARGETED_DEVICE_FAMILY = "1,2";
			};
			name = Debug;
		};
		1BC0252324ABA2B200EDA93B /* Release */ = {
			isa = XCBuildConfiguration;
			buildSettings = {
				ASSETCATALOG_COMPILER_APPICON_NAME = AppIcon;
				CODE_SIGN_STYLE = Automatic;
				DEVELOPMENT_ASSET_PATHS = "\"ComposableArchitecturePractice/Preview Content\"";
				DEVELOPMENT_TEAM = S2VVFWD7JE;
				ENABLE_PREVIEWS = YES;
				INFOPLIST_FILE = ComposableArchitecturePractice/Info.plist;
				LD_RUNPATH_SEARCH_PATHS = (
					"$(inherited)",
					"@executable_path/Frameworks",
				);
				PRODUCT_BUNDLE_IDENTIFIER = me.kenta.aikawa.ComposableArchitecturePractice;
				PRODUCT_NAME = "$(TARGET_NAME)";
				SWIFT_VERSION = 5.0;
				TARGETED_DEVICE_FAMILY = "1,2";
			};
			name = Release;
		};
		1BC0252524ABA2B200EDA93B /* Debug */ = {
			isa = XCBuildConfiguration;
			buildSettings = {
				ALWAYS_EMBED_SWIFT_STANDARD_LIBRARIES = YES;
				BUNDLE_LOADER = "$(TEST_HOST)";
				CODE_SIGN_STYLE = Automatic;
				DEVELOPMENT_TEAM = S2VVFWD7JE;
				INFOPLIST_FILE = ComposableArchitecturePracticeTests/Info.plist;
				IPHONEOS_DEPLOYMENT_TARGET = 13.5;
				LD_RUNPATH_SEARCH_PATHS = (
					"$(inherited)",
					"@executable_path/Frameworks",
					"@loader_path/Frameworks",
				);
				PRODUCT_BUNDLE_IDENTIFIER = me.kenta.aikawa.ComposableArchitecturePracticeTests;
				PRODUCT_NAME = "$(TARGET_NAME)";
				SWIFT_VERSION = 5.0;
				TARGETED_DEVICE_FAMILY = "1,2";
				TEST_HOST = "$(BUILT_PRODUCTS_DIR)/ComposableArchitecturePractice.app/ComposableArchitecturePractice";
			};
			name = Debug;
		};
		1BC0252624ABA2B200EDA93B /* Release */ = {
			isa = XCBuildConfiguration;
			buildSettings = {
				ALWAYS_EMBED_SWIFT_STANDARD_LIBRARIES = YES;
				BUNDLE_LOADER = "$(TEST_HOST)";
				CODE_SIGN_STYLE = Automatic;
				DEVELOPMENT_TEAM = S2VVFWD7JE;
				INFOPLIST_FILE = ComposableArchitecturePracticeTests/Info.plist;
				IPHONEOS_DEPLOYMENT_TARGET = 13.5;
				LD_RUNPATH_SEARCH_PATHS = (
					"$(inherited)",
					"@executable_path/Frameworks",
					"@loader_path/Frameworks",
				);
				PRODUCT_BUNDLE_IDENTIFIER = me.kenta.aikawa.ComposableArchitecturePracticeTests;
				PRODUCT_NAME = "$(TARGET_NAME)";
				SWIFT_VERSION = 5.0;
				TARGETED_DEVICE_FAMILY = "1,2";
				TEST_HOST = "$(BUILT_PRODUCTS_DIR)/ComposableArchitecturePractice.app/ComposableArchitecturePractice";
			};
			name = Release;
		};
/* End XCBuildConfiguration section */

/* Begin XCConfigurationList section */
		1BC024FD24ABA2B100EDA93B /* Build configuration list for PBXProject "ComposableArchitecturePractice" */ = {
			isa = XCConfigurationList;
			buildConfigurations = (
				1BC0251F24ABA2B200EDA93B /* Debug */,
				1BC0252024ABA2B200EDA93B /* Release */,
			);
			defaultConfigurationIsVisible = 0;
			defaultConfigurationName = Release;
		};
		1BC0252124ABA2B200EDA93B /* Build configuration list for PBXNativeTarget "ComposableArchitecturePractice" */ = {
			isa = XCConfigurationList;
			buildConfigurations = (
				1BC0252224ABA2B200EDA93B /* Debug */,
				1BC0252324ABA2B200EDA93B /* Release */,
			);
			defaultConfigurationIsVisible = 0;
			defaultConfigurationName = Release;
		};
		1BC0252424ABA2B200EDA93B /* Build configuration list for PBXNativeTarget "ComposableArchitecturePracticeTests" */ = {
			isa = XCConfigurationList;
			buildConfigurations = (
				1BC0252524ABA2B200EDA93B /* Debug */,
				1BC0252624ABA2B200EDA93B /* Release */,
			);
			defaultConfigurationIsVisible = 0;
			defaultConfigurationName = Release;
		};
/* End XCConfigurationList section */

/* Begin XCRemoteSwiftPackageReference section */
		1BC0252724ABA38100EDA93B /* XCRemoteSwiftPackageReference "swift-composable-architecture" */ = {
			isa = XCRemoteSwiftPackageReference;
			repositoryURL = "https://github.com/pointfreeco/swift-composable-architecture";
			requirement = {
				kind = upToNextMajorVersion;
				minimumVersion = 0.6.0;
			};
		};
/* End XCRemoteSwiftPackageReference section */

/* Begin XCSwiftPackageProductDependency section */
		1BC0252824ABA38100EDA93B /* ComposableArchitecture */ = {
			isa = XCSwiftPackageProductDependency;
			package = 1BC0252724ABA38100EDA93B /* XCRemoteSwiftPackageReference "swift-composable-architecture" */;
			productName = ComposableArchitecture;
		};
		1BC0252A24ABA38100EDA93B /* ComposableCoreMotion */ = {
			isa = XCSwiftPackageProductDependency;
			package = 1BC0252724ABA38100EDA93B /* XCRemoteSwiftPackageReference "swift-composable-architecture" */;
			productName = ComposableCoreMotion;
		};
		1BC0252C24ABA38100EDA93B /* ComposableCoreLocation */ = {
			isa = XCSwiftPackageProductDependency;
			package = 1BC0252724ABA38100EDA93B /* XCRemoteSwiftPackageReference "swift-composable-architecture" */;
			productName = ComposableCoreLocation;
		};
/* End XCSwiftPackageProductDependency section */
	};
	rootObject = 1BC024FA24ABA2B100EDA93B /* Project object */;
}
